<?xml version="1.0" encoding="utf-8"?>
<Project ToolsVersion="4.0" xmlns="http://schemas.microsoft.com/developer/msbuild/2003">
  <ItemGroup>
    <Filter Include="Source Files">
      <UniqueIdentifier>{4FC737F1-C7A5-4376-A066-2A32D752A2FF}</UniqueIdentifier>
      <Extensions>cpp;c;cc;cxx;def;odl;idl;hpj;bat;asm;asmx</Extensions>
    </Filter>
    <Filter Include="Header Files">
      <UniqueIdentifier>{93995380-89BD-4b04-88EB-625FBE52EBFB}</UniqueIdentifier>
      <Extensions>h;hh;hpp;hxx;hm;inl;inc;xsd</Extensions>
    </Filter>
    <Filter Include="Resource Files">
      <UniqueIdentifier>{67DA6AB6-F800-4c08-8B7A-83BB121AAD01}</UniqueIdentifier>
      <Extensions>rc;ico;cur;bmp;dlg;rc2;rct;bin;rgs;gif;jpg;jpeg;jpe;resx;tiff;tif;png;wav;mfcribbon-ms</Extensions>
    </Filter>
  </ItemGroup>
  <ItemGroup>
    <ClInclude Include="FileHandler\FileHandler.h">
      <Filter>Header Files</Filter>
    </ClInclude>
    <ClInclude Include="FileHandler\mapFile.h">
      <Filter>Header Files</Filter>
    </ClInclude>
    <ClInclude Include="FileHandler\moreString.h">
      <Filter>Header Files</Filter>
    </ClInclude>
    <ClInclude Include="grafica\Button.h">
      <Filter>Header Files</Filter>
    </ClInclude>
    <ClInclude Include="grafica\Dispatcher.h">
      <Filter>Header Files</Filter>
    </ClInclude>
    <ClInclude Include="grafica\Event.h">
      <Filter>Header Files</Filter>
    </ClInclude>
    <ClInclude Include="grafica\EventGenerator.h">
      <Filter>Header Files</Filter>
    </ClInclude>
    <ClInclude Include="grafica\Graphic.h">
      <Filter>Header Files</Filter>
    </ClInclude>
    <ClInclude Include="Intelligence\Intelligence.h">
      <Filter>Header Files</Filter>
    </ClInclude>
    <ClInclude Include="Intelligence\IntelligenceResources.h">
      <Filter>Header Files</Filter>
    </ClInclude>
    <ClInclude Include="Intelligence\Autos\Auto1.h">
      <Filter>Header Files</Filter>
    </ClInclude>
    <ClInclude Include="Intelligence\Autos\IntelligenceCalculus.h">
      <Filter>Header Files</Filter>
    </ClInclude>
    <ClInclude Include="SenAct\senact.h">
      <Filter>Header Files</Filter>
    </ClInclude>
    <ClInclude Include="TFD\tinyfiledialogs.h">
      <Filter>Header Files</Filter>
    </ClInclude>
    <ClInclude Include="World\World.h">
      <Filter>Header Files</Filter>
    </ClInclude>
    <ClInclude Include="World\WorldStructures.h">
      <Filter>Header Files</Filter>
    </ClInclude>
    <ClInclude Include="World\Calculus\Calculus.h">
      <Filter>Header Files</Filter>
    </ClInclude>
    <ClInclude Include="World\Movement\Movement.h">
      <Filter>Header Files</Filter>
    </ClInclude>
    <ClInclude Include="World\SensorCalculus\SensorCalculus.h">
      <Filter>Header Files</Filter>
    </ClInclude>
    <ClInclude Include="vector.h">
      <Filter>Header Files</Filter>
    </ClInclude>
  </ItemGroup>
  <ItemGroup>
    <ClCompile Include="grafica\Button.cpp">
      <Filter>Source Files</Filter>
    </ClCompile>
    <ClCompile Include="World\Calculus\Calculus.cpp">
      <Filter>Source Files</Filter>
    </ClCompile>
    <ClCompile Include="grafica\Dispatcher.cpp">
      <Filter>Source Files</Filter>
    </ClCompile>
    <ClCompile Include="grafica\EventGenerator.cpp">
      <Filter>Source Files</Filter>
    </ClCompile>
    <ClCompile Include="FileHandler\FileHandler.c">
      <Filter>Source Files</Filter>
    </ClCompile>
    <ClCompile Include="grafica\Graphic.cpp">
      <Filter>Source Files</Filter>
    </ClCompile>
    <ClCompile Include="Intelligence\Intelligence.cpp">
      <Filter>Source Files</Filter>
    </ClCompile>
    <ClCompile Include="Intelligence\Autos\IntelligneceCalculus.cpp">
      <Filter>Source Files</Filter>
    </ClCompile>
    <ClCompile Include="main.cpp">
      <Filter>Source Files</Filter>
    </ClCompile>
    <ClCompile Include="FileHandler\mapFile.cpp">
      <Filter>Source Files</Filter>
    </ClCompile>
    <ClCompile Include="FileHandler\moreString.c">
      <Filter>Source Files</Filter>
    </ClCompile>
    <ClCompile Include="World\Movement\Movement.cpp">
      <Filter>Source Files</Filter>
    </ClCompile>
    <ClCompile Include="SenAct\senact.cpp">
      <Filter>Source Files</Filter>
    </ClCompile>
    <ClCompile Include="World\SensorCalculus\SensorCalculus.cpp">
      <Filter>Source Files</Filter>
    </ClCompile>
    <ClCompile Include="TFD\tinyfiledialogs.c">
      <Filter>Source Files</Filter>
    </ClCompile>
    <ClCompile Include="SenAct\Todo.cpp">
      <Filter>Source Files</Filter>
    </ClCompile>
    <ClCompile Include="World\World.cpp">
      <Filter>Source Files</Filter>
    </ClCompile>
    <ClCompile Include="Intelligence\Autos\Auto1.cpp">
      <Filter>Source Files</Filter>
    </ClCompile>
  </ItemGroup>
  <ItemGroup>
    <None Include="packages.config" />
  </ItemGroup>
</Project>